// !$*UTF8*$!
{
	archiveVersion = 1;
	classes = {
	};
	objectVersion = 56;
	objects = {

/* Begin PBXBuildFile section */
		874CF3682A895A6800712016 /* RealityKitContent in Frameworks */ = {isa = PBXBuildFile; productRef = 874CF3672A895A6800712016 /* RealityKitContent */; };
		874CF36A2A895A6800712016 /* ValoVisionApp.swift in Sources */ = {isa = PBXBuildFile; fileRef = 874CF3692A895A6800712016 /* ValoVisionApp.swift */; };
		874CF36C2A895A6800712016 /* MainView.swift in Sources */ = {isa = PBXBuildFile; fileRef = 874CF36B2A895A6800712016 /* MainView.swift */; };
		874CF36E2A895A6C00712016 /* Assets.xcassets in Resources */ = {isa = PBXBuildFile; fileRef = 874CF36D2A895A6C00712016 /* Assets.xcassets */; };
		874CF3712A895A6C00712016 /* Preview Assets.xcassets in Resources */ = {isa = PBXBuildFile; fileRef = 874CF3702A895A6C00712016 /* Preview Assets.xcassets */; };
		87B786AE2A8E568B00A7BAE6 /* ViewModel.swift in Sources */ = {isa = PBXBuildFile; fileRef = 87B786AD2A8E568B00A7BAE6 /* ViewModel.swift */; };
		87B786B22A8E5BF300A7BAE6 /* AgentsModel.swift in Sources */ = {isa = PBXBuildFile; fileRef = 87B786B12A8E5BF300A7BAE6 /* AgentsModel.swift */; };
		87B786B52A8E5F2000A7BAE6 /* Alamofire in Frameworks */ = {isa = PBXBuildFile; productRef = 87B786B42A8E5F2000A7BAE6 /* Alamofire */; };
		87B786B72A8E6FBA00A7BAE6 /* DataSources.swift in Sources */ = {isa = PBXBuildFile; fileRef = 87B786B62A8E6FBA00A7BAE6 /* DataSources.swift */; };
/* End PBXBuildFile section */

/* Begin PBXFileReference section */
		874CF3622A895A6800712016 /* ValoVision.app */ = {isa = PBXFileReference; explicitFileType = wrapper.application; includeInIndex = 0; path = ValoVision.app; sourceTree = BUILT_PRODUCTS_DIR; };
		874CF3662A895A6800712016 /* RealityKitContent */ = {isa = PBXFileReference; lastKnownFileType = wrapper; path = RealityKitContent; sourceTree = "<group>"; };
		874CF3692A895A6800712016 /* ValoVisionApp.swift */ = {isa = PBXFileReference; lastKnownFileType = sourcecode.swift; path = ValoVisionApp.swift; sourceTree = "<group>"; };
		874CF36B2A895A6800712016 /* MainView.swift */ = {isa = PBXFileReference; lastKnownFileType = sourcecode.swift; path = MainView.swift; sourceTree = "<group>"; };
		874CF36D2A895A6C00712016 /* Assets.xcassets */ = {isa = PBXFileReference; lastKnownFileType = folder.assetcatalog; path = Assets.xcassets; sourceTree = "<group>"; };
		874CF3702A895A6C00712016 /* Preview Assets.xcassets */ = {isa = PBXFileReference; lastKnownFileType = folder.assetcatalog; path = "Preview Assets.xcassets"; sourceTree = "<group>"; };
		87B786AD2A8E568B00A7BAE6 /* ViewModel.swift */ = {isa = PBXFileReference; lastKnownFileType = sourcecode.swift; path = ViewModel.swift; sourceTree = "<group>"; };
		87B786B12A8E5BF300A7BAE6 /* AgentsModel.swift */ = {isa = PBXFileReference; lastKnownFileType = sourcecode.swift; path = AgentsModel.swift; sourceTree = "<group>"; };
		87B786B62A8E6FBA00A7BAE6 /* DataSources.swift */ = {isa = PBXFileReference; lastKnownFileType = sourcecode.swift; path = DataSources.swift; sourceTree = "<group>"; };
/* End PBXFileReference section */

/* Begin PBXFrameworksBuildPhase section */
		874CF35F2A895A6800712016 /* Frameworks */ = {
			isa = PBXFrameworksBuildPhase;
			buildActionMask = 2147483647;
			files = (
				874CF3682A895A6800712016 /* RealityKitContent in Frameworks */,
				87B786B52A8E5F2000A7BAE6 /* Alamofire in Frameworks */,
			);
			runOnlyForDeploymentPostprocessing = 0;
		};
/* End PBXFrameworksBuildPhase section */

/* Begin PBXGroup section */
		874CF3592A895A6800712016 = {
			isa = PBXGroup;
			children = (
				874CF3642A895A6800712016 /* ValoVision */,
				874CF3652A895A6800712016 /* Packages */,
				874CF3632A895A6800712016 /* Products */,
			);
			sourceTree = "<group>";
		};
		874CF3632A895A6800712016 /* Products */ = {
			isa = PBXGroup;
			children = (
				874CF3622A895A6800712016 /* ValoVision.app */,
			);
			name = Products;
			sourceTree = "<group>";
		};
		874CF3642A895A6800712016 /* ValoVision */ = {
			isa = PBXGroup;
			children = (
				87B786B12A8E5BF300A7BAE6 /* AgentsModel.swift */,
				87B786B62A8E6FBA00A7BAE6 /* DataSources.swift */,
				874CF36B2A895A6800712016 /* MainView.swift */,
				874CF3692A895A6800712016 /* ValoVisionApp.swift */,
				87B786AD2A8E568B00A7BAE6 /* ViewModel.swift */,
				874CF36D2A895A6C00712016 /* Assets.xcassets */,
				874CF36F2A895A6C00712016 /* Preview Content */,
			);
			path = ValoVision;
			sourceTree = "<group>";
		};
		874CF3652A895A6800712016 /* Packages */ = {
			isa = PBXGroup;
			children = (
				874CF3662A895A6800712016 /* RealityKitContent */,
			);
			path = Packages;
			sourceTree = "<group>";
		};
		874CF36F2A895A6C00712016 /* Preview Content */ = {
			isa = PBXGroup;
			children = (
				874CF3702A895A6C00712016 /* Preview Assets.xcassets */,
			);
			path = "Preview Content";
			sourceTree = "<group>";
		};
/* End PBXGroup section */

/* Begin PBXNativeTarget section */
		874CF3612A895A6800712016 /* ValoVision */ = {
			isa = PBXNativeTarget;
			buildConfigurationList = 874CF3742A895A6C00712016 /* Build configuration list for PBXNativeTarget "ValoVision" */;
			buildPhases = (
				874CF35E2A895A6800712016 /* Sources */,
				874CF35F2A895A6800712016 /* Frameworks */,
				874CF3602A895A6800712016 /* Resources */,
			);
			buildRules = (
			);
			dependencies = (
			);
			name = ValoVision;
			packageProductDependencies = (
				874CF3672A895A6800712016 /* RealityKitContent */,
				87B786B42A8E5F2000A7BAE6 /* Alamofire */,
			);
			productName = ValoVision;
			productReference = 874CF3622A895A6800712016 /* ValoVision.app */;
			productType = "com.apple.product-type.application";
		};
/* End PBXNativeTarget section */

/* Begin PBXProject section */
		874CF35A2A895A6800712016 /* Project object */ = {
			isa = PBXProject;
			attributes = {
				BuildIndependentTargetsInParallel = 1;
				LastSwiftUpdateCheck = 1500;
				LastUpgradeCheck = 1500;
				TargetAttributes = {
					874CF3612A895A6800712016 = {
						CreatedOnToolsVersion = 15.0;
					};
				};
			};
			buildConfigurationList = 874CF35D2A895A6800712016 /* Build configuration list for PBXProject "ValoVision" */;
			compatibilityVersion = "Xcode 14.0";
			developmentRegion = en;
			hasScannedForEncodings = 0;
			knownRegions = (
				en,
				Base,
			);
			mainGroup = 874CF3592A895A6800712016;
			packageReferences = (
				87B786B32A8E5F2000A7BAE6 /* XCRemoteSwiftPackageReference "Alamofire" */,
			);
			productRefGroup = 874CF3632A895A6800712016 /* Products */;
			projectDirPath = "";
			projectRoot = "";
			targets = (
				874CF3612A895A6800712016 /* ValoVision */,
			);
		};
/* End PBXProject section */

/* Begin PBXResourcesBuildPhase section */
		874CF3602A895A6800712016 /* Resources */ = {
			isa = PBXResourcesBuildPhase;
			buildActionMask = 2147483647;
			files = (
				874CF3712A895A6C00712016 /* Preview Assets.xcassets in Resources */,
				874CF36E2A895A6C00712016 /* Assets.xcassets in Resources */,
			);
			runOnlyForDeploymentPostprocessing = 0;
		};
/* End PBXResourcesBuildPhase section */

/* Begin PBXSourcesBuildPhase section */
		874CF35E2A895A6800712016 /* Sources */ = {
			isa = PBXSourcesBuildPhase;
			buildActionMask = 2147483647;
			files = (
				874CF36C2A895A6800712016 /* MainView.swift in Sources */,
				87B786AE2A8E568B00A7BAE6 /* ViewModel.swift in Sources */,
				87B786B22A8E5BF300A7BAE6 /* AgentsModel.swift in Sources */,
				87B786B72A8E6FBA00A7BAE6 /* DataSources.swift in Sources */,
				874CF36A2A895A6800712016 /* ValoVisionApp.swift in Sources */,
			);
			runOnlyForDeploymentPostprocessing = 0;
		};
/* End PBXSourcesBuildPhase section */

/* Begin XCBuildConfiguration section */
		874CF3722A895A6C00712016 /* Debug */ = {
			isa = XCBuildConfiguration;
			buildSettings = {
				ALWAYS_SEARCH_USER_PATHS = NO;
				ASSETCATALOG_COMPILER_GENERATE_SWIFT_ASSET_SYMBOL_EXTENSIONS = YES;
				CLANG_ANALYZER_NONNULL = YES;
				CLANG_ANALYZER_NUMBER_OBJECT_CONVERSION = YES_AGGRESSIVE;
				CLANG_CXX_LANGUAGE_STANDARD = "gnu++20";
				CLANG_ENABLE_MODULES = YES;
				CLANG_ENABLE_OBJC_ARC = YES;
				CLANG_ENABLE_OBJC_WEAK = YES;
				CLANG_WARN_BLOCK_CAPTURE_AUTORELEASING = YES;
				CLANG_WARN_BOOL_CONVERSION = YES;
				CLANG_WARN_COMMA = YES;
				CLANG_WARN_CONSTANT_CONVERSION = YES;
				CLANG_WARN_DEPRECATED_OBJC_IMPLEMENTATIONS = YES;
				CLANG_WARN_DIRECT_OBJC_ISA_USAGE = YES_ERROR;
				CLANG_WARN_DOCUMENTATION_COMMENTS = YES;
				CLANG_WARN_EMPTY_BODY = YES;
				CLANG_WARN_ENUM_CONVERSION = YES;
				CLANG_WARN_INFINITE_RECURSION = YES;
				CLANG_WARN_INT_CONVERSION = YES;
				CLANG_WARN_NON_LITERAL_NULL_CONVERSION = YES;
				CLANG_WARN_OBJC_IMPLICIT_RETAIN_SELF = YES;
				CLANG_WARN_OBJC_LITERAL_CONVERSION = YES;
				CLANG_WARN_OBJC_ROOT_CLASS = YES_ERROR;
				CLANG_WARN_QUOTED_INCLUDE_IN_FRAMEWORK_HEADER = YES;
				CLANG_WARN_RANGE_LOOP_ANALYSIS = YES;
				CLANG_WARN_STRICT_PROTOTYPES = YES;
				CLANG_WARN_SUSPICIOUS_MOVE = YES;
				CLANG_WARN_UNGUARDED_AVAILABILITY = YES_AGGRESSIVE;
				CLANG_WARN_UNREACHABLE_CODE = YES;
				CLANG_WARN__DUPLICATE_METHOD_MATCH = YES;
				COPY_PHASE_STRIP = NO;
				DEBUG_INFORMATION_FORMAT = dwarf;
				ENABLE_STRICT_OBJC_MSGSEND = YES;
				ENABLE_TESTABILITY = YES;
				ENABLE_USER_SCRIPT_SANDBOXING = YES;
				GCC_C_LANGUAGE_STANDARD = gnu17;
				GCC_DYNAMIC_NO_PIC = NO;
				GCC_NO_COMMON_BLOCKS = YES;
				GCC_OPTIMIZATION_LEVEL = 0;
				GCC_PREPROCESSOR_DEFINITIONS = (
					"DEBUG=1",
					"$(inherited)",
				);
				GCC_WARN_64_TO_32_BIT_CONVERSION = YES;
				GCC_WARN_ABOUT_RETURN_TYPE = YES_ERROR;
				GCC_WARN_UNDECLARED_SELECTOR = YES;
				GCC_WARN_UNINITIALIZED_AUTOS = YES_AGGRESSIVE;
				GCC_WARN_UNUSED_FUNCTION = YES;
				GCC_WARN_UNUSED_VARIABLE = YES;
				LOCALIZATION_PREFERS_STRING_CATALOGS = YES;
				MTL_ENABLE_DEBUG_INFO = INCLUDE_SOURCE;
				MTL_FAST_MATH = YES;
				ONLY_ACTIVE_ARCH = YES;
				SDKROOT = xros;
				SWIFT_ACTIVE_COMPILATION_CONDITIONS = "DEBUG $(inherited)";
				SWIFT_OPTIMIZATION_LEVEL = "-Onone";
				XROS_DEPLOYMENT_TARGET = 1.0;
			};
			name = Debug;
		};
		874CF3732A895A6C00712016 /* Release */ = {
			isa = XCBuildConfiguration;
			buildSettings = {
				ALWAYS_SEARCH_USER_PATHS = NO;
				ASSETCATALOG_COMPILER_GENERATE_SWIFT_ASSET_SYMBOL_EXTENSIONS = YES;
				CLANG_ANALYZER_NONNULL = YES;
				CLANG_ANALYZER_NUMBER_OBJECT_CONVERSION = YES_AGGRESSIVE;
				CLANG_CXX_LANGUAGE_STANDARD = "gnu++20";
				CLANG_ENABLE_MODULES = YES;
				CLANG_ENABLE_OBJC_ARC = YES;
				CLANG_ENABLE_OBJC_WEAK = YES;
				CLANG_WARN_BLOCK_CAPTURE_AUTORELEASING = YES;
				CLANG_WARN_BOOL_CONVERSION = YES;
				CLANG_WARN_COMMA = YES;
				CLANG_WARN_CONSTANT_CONVERSION = YES;
				CLANG_WARN_DEPRECATED_OBJC_IMPLEMENTATIONS = YES;
				CLANG_WARN_DIRECT_OBJC_ISA_USAGE = YES_ERROR;
				CLANG_WARN_DOCUMENTATION_COMMENTS = YES;
				CLANG_WARN_EMPTY_BODY = YES;
				CLANG_WARN_ENUM_CONVERSION = YES;
				CLANG_WARN_INFINITE_RECURSION = YES;
				CLANG_WARN_INT_CONVERSION = YES;
				CLANG_WARN_NON_LITERAL_NULL_CONVERSION = YES;
				CLANG_WARN_OBJC_IMPLICIT_RETAIN_SELF = YES;
				CLANG_WARN_OBJC_LITERAL_CONVERSION = YES;
				CLANG_WARN_OBJC_ROOT_CLASS = YES_ERROR;
				CLANG_WARN_QUOTED_INCLUDE_IN_FRAMEWORK_HEADER = YES;
				CLANG_WARN_RANGE_LOOP_ANALYSIS = YES;
				CLANG_WARN_STRICT_PROTOTYPES = YES;
				CLANG_WARN_SUSPICIOUS_MOVE = YES;
				CLANG_WARN_UNGUARDED_AVAILABILITY = YES_AGGRESSIVE;
				CLANG_WARN_UNREACHABLE_CODE = YES;
				CLANG_WARN__DUPLICATE_METHOD_MATCH = YES;
				COPY_PHASE_STRIP = NO;
				DEBUG_INFORMATION_FORMAT = "dwarf-with-dsym";
				ENABLE_NS_ASSERTIONS = NO;
				ENABLE_STRICT_OBJC_MSGSEND = YES;
				ENABLE_USER_SCRIPT_SANDBOXING = YES;
				GCC_C_LANGUAGE_STANDARD = gnu17;
				GCC_NO_COMMON_BLOCKS = YES;
				GCC_WARN_64_TO_32_BIT_CONVERSION = YES;
				GCC_WARN_ABOUT_RETURN_TYPE = YES_ERROR;
				GCC_WARN_UNDECLARED_SELECTOR = YES;
				GCC_WARN_UNINITIALIZED_AUTOS = YES_AGGRESSIVE;
				GCC_WARN_UNUSED_FUNCTION = YES;
				GCC_WARN_UNUSED_VARIABLE = YES;
				LOCALIZATION_PREFERS_STRING_CATALOGS = YES;
				MTL_ENABLE_DEBUG_INFO = NO;
				MTL_FAST_MATH = YES;
				SDKROOT = xros;
				SWIFT_COMPILATION_MODE = wholemodule;
				VALIDATE_PRODUCT = YES;
				XROS_DEPLOYMENT_TARGET = 1.0;
			};
			name = Release;
		};
		874CF3752A895A6C00712016 /* Debug */ = {
			isa = XCBuildConfiguration;
			buildSettings = {
				ASSETCATALOG_COMPILER_APPICON_NAME = AppIcon;
				ASSETCATALOG_COMPILER_GLOBAL_ACCENT_COLOR_NAME = AccentColor;
				CODE_SIGN_STYLE = Automatic;
				CURRENT_PROJECT_VERSION = 1;
				DEVELOPMENT_ASSET_PATHS = "\"ValoVision/Preview Content\"";
				DEVELOPMENT_TEAM = 6X6Q46SLSA;
				ENABLE_PREVIEWS = YES;
				GENERATE_INFOPLIST_FILE = YES;
				INFOPLIST_KEY_UIApplicationSceneManifest_Generation = YES;
				LD_RUNPATH_SEARCH_PATHS = (
					"$(inherited)",
					"@executable_path/Frameworks",
				);
				MARKETING_VERSION = 1.0;
				PRODUCT_BUNDLE_IDENTIFIER = azzam.ValoVision;
				PRODUCT_NAME = "$(TARGET_NAME)";
				SUPPORTED_PLATFORMS = "xros xrsimulator";
				SWIFT_EMIT_LOC_STRINGS = YES;
				SWIFT_VERSION = 5.0;
				TARGETED_DEVICE_FAMILY = "1,2,7";
			};
			name = Debug;
		};
		874CF3762A895A6C00712016 /* Release */ = {
			isa = XCBuildConfiguration;
			buildSettings = {
				ASSETCATALOG_COMPILER_APPICON_NAME = AppIcon;
				ASSETCATALOG_COMPILER_GLOBAL_ACCENT_COLOR_NAME = AccentColor;
				CODE_SIGN_STYLE = Automatic;
				CURRENT_PROJECT_VERSION = 1;
				DEVELOPMENT_ASSET_PATHS = "\"ValoVision/Preview Content\"";
				DEVELOPMENT_TEAM = 6X6Q46SLSA;
				ENABLE_PREVIEWS = YES;
				GENERATE_INFOPLIST_FILE = YES;
				INFOPLIST_KEY_UIApplicationSceneManifest_Generation = YES;
				LD_RUNPATH_SEARCH_PATHS = (
					"$(inherited)",
					"@executable_path/Frameworks",
				);
				MARKETING_VERSION = 1.0;
				PRODUCT_BUNDLE_IDENTIFIER = azzam.ValoVision;
				PRODUCT_NAME = "$(TARGET_NAME)";
				SUPPORTED_PLATFORMS = "xros xrsimulator";
				SWIFT_EMIT_LOC_STRINGS = YES;
				SWIFT_VERSION = 5.0;
				TARGETED_DEVICE_FAMILY = "1,2,7";
			};
			name = Release;
		};
/* End XCBuildConfiguration section */

/* Begin XCConfigurationList section */
		874CF35D2A895A6800712016 /* Build configuration list for PBXProject "ValoVision" */ = {
			isa = XCConfigurationList;
			buildConfigurations = (
				874CF3722A895A6C00712016 /* Debug */,
				874CF3732A895A6C00712016 /* Release */,
			);
			defaultConfigurationIsVisible = 0;
			defaultConfigurationName = Release;
		};
		874CF3742A895A6C00712016 /* Build configuration list for PBXNativeTarget "ValoVision" */ = {
			isa = XCConfigurationList;
			buildConfigurations = (
				874CF3752A895A6C00712016 /* Debug */,
				874CF3762A895A6C00712016 /* Release */,
			);
			defaultConfigurationIsVisible = 0;
			defaultConfigurationName = Release;
		};
/* End XCConfigurationList section */

/* Begin XCRemoteSwiftPackageReference section */
		87B786B32A8E5F2000A7BAE6 /* XCRemoteSwiftPackageReference "Alamofire" */ = {
			isa = XCRemoteSwiftPackageReference;
			repositoryURL = "https://github.com/Alamofire/Alamofire.git";
			requirement = {
				kind = upToNextMajorVersion;
				minimumVersion = 5.7.1;
			};
		};
/* End XCRemoteSwiftPackageReference section */

/* Begin XCSwiftPackageProductDependency section */
		874CF3672A895A6800712016 /* RealityKitContent */ = {
			isa = XCSwiftPackageProductDependency;
			productName = RealityKitContent;
		};
		87B786B42A8E5F2000A7BAE6 /* Alamofire */ = {
			isa = XCSwiftPackageProductDependency;
			package = 87B786B32A8E5F2000A7BAE6 /* XCRemoteSwiftPackageReference "Alamofire" */;
			productName = Alamofire;
		};
/* End XCSwiftPackageProductDependency section */
	};
	rootObject = 874CF35A2A895A6800712016 /* Project object */;
}
